
Microsoft Visual Studio Solution File, Format Version 12.00
# Visual Studio Version 17
VisualStudioVersion = 17.8.34330.188
MinimumVisualStudioVersion = 10.0.40219.1
Project("{FAE04EC0-301F-11D3-BF4B-00C04F79EFBC}") = "LearningApp", "LearningApp\LearningApp.csproj", "{FA961601-C783-4DAE-983B-77D8E6F24D7F}"
EndProject
Global
	GlobalSection(SolutionConfigurationPlatforms) = preSolution
		Debug|Any CPU = Debug|Any CPU
		Release|Any CPU = Release|Any CPU
	EndGlobalSection
	GlobalSection(ProjectConfigurationPlatforms) = postSolution
		{FA961601-C783-4DAE-983B-77D8E6F24D7F}.Debug|Any CPU.ActiveCfg = Debug|Any CPU
		{FA961601-C783-4DAE-983B-77D8E6F24D7F}.Debug|Any CPU.Build.0 = Debug|Any CPU
		{FA961601-C783-4DAE-983B-77D8E6F24D7F}.Release|Any CPU.ActiveCfg = Release|Any CPU
		{FA961601-C783-4DAE-983B-77D8E6F24D7F}.Release|Any CPU.Build.0 = Release|Any CPU
	EndGlobalSection
	GlobalSection(SolutionProperties) = preSolution
		HideSolutionNode = FALSE
	EndGlobalSection
	GlobalSection(ExtensibilityGlobals) = postSolution
		SolutionGuid = {E2EF3FE0-0094-44C3-AF5D-BD948B3F32A5}
	EndGlobalSection
EndGlobal
